{
	"name": "room-app-backend",
	"version": "1.0.0",
	"lockfileVersion": 1,
	"requires": true,
	"dependencies": {
		"@tsconfig/node10": {
			"version": "1.0.8",
			"resolved": "https://registry.npmjs.org/@tsconfig/node10/-/node10-1.0.8.tgz",
			"integrity": "sha512-6XFfSQmMgq0CFLY1MslA/CPUfhIL919M1rMsa5lP2P097N2Wd1sSX0tx1u4olM16fLNhtHZpRhedZJphNJqmZg==",
			"dev": true
		},
		"@tsconfig/node12": {
			"version": "1.0.9",
			"resolved": "https://registry.npmjs.org/@tsconfig/node12/-/node12-1.0.9.tgz",
			"integrity": "sha512-/yBMcem+fbvhSREH+s14YJi18sp7J9jpuhYByADT2rypfajMZZN4WQ6zBGgBKp53NKmqI36wFYDb3yaMPurITw==",
			"dev": true
		},
		"@tsconfig/node14": {
			"version": "1.0.1",
			"resolved": "https://registry.npmjs.org/@tsconfig/node14/-/node14-1.0.1.tgz",
			"integrity": "sha512-509r2+yARFfHHE7T6Puu2jjkoycftovhXRqW328PDXTVGKihlb1P8Z9mMZH04ebyajfRY7dedfGynlrFHJUQCg==",
			"dev": true
		},
		"@tsconfig/node16": {
			"version": "1.0.2",
			"resolved": "https://registry.npmjs.org/@tsconfig/node16/-/node16-1.0.2.tgz",
			"integrity": "sha512-eZxlbI8GZscaGS7kkc/trHTT5xgrjH3/1n2JDwusC9iahPKWMRvRjJSAN5mCXviuTGQ/lHnhvv8Q1YTpnfz9gA==",
			"dev": true
		},
		"@types/aws-lambda": {
			"version": "8.10.81",
			"resolved": "https://registry.npmjs.org/@types/aws-lambda/-/aws-lambda-8.10.81.tgz",
			"integrity": "sha512-C1rFKGVZ8KwqhwBOYlpoybTSRtxu2433ea6JaO3amc6ubEe08yQoFsPa9aU9YqvX7ppeZ25CnCtC4AH9mhtxsQ==",
			"dev": true
		},
		"@types/node": {
			"version": "10.17.27",
			"resolved": "https://registry.npmjs.org/@types/node/-/node-10.17.27.tgz",
			"integrity": "sha512-J0oqm9ZfAXaPdwNXMMgAhylw5fhmXkToJd06vuDUSAgEDZ/n/69/69UmyBZbc+zT34UnShuDSBqvim3SPnozJg==",
			"dev": true
		},
		"arg": {
			"version": "4.1.3",
			"resolved": "https://registry.npmjs.org/arg/-/arg-4.1.3.tgz",
			"integrity": "sha512-58S9QDqG0Xx27YwPSt9fJxivjYl432YCwfDMfZ+71RAqUrZef7LrKQZ3LHLOwCS4FLNBplP533Zx895SeOCHvA==",
			"dev": true
		},
		"argparse": {
			"version": "1.0.10",
			"resolved": "https://registry.npmjs.org/argparse/-/argparse-1.0.10.tgz",
			"integrity": "sha512-o5Roy6tNG4SL/FOkCAN6RzjiakZS25RLYFrcMttJqbdd8BWrnA+fGz57iN5Pb06pvBGvl5gQ0B48dJlslXvoTg==",
			"requires": {
				"sprintf-js": "~1.0.2"
			}
		},
		"aws-lambda": {
			"version": "1.0.6",
			"resolved": "https://registry.npmjs.org/aws-lambda/-/aws-lambda-1.0.6.tgz",
			"integrity": "sha512-Z9lmZBiDYejzjMWuQSDXuZWAqAun6vGt7WApB1r0f8tLNf0IlTGsH30qENfP1kXeTbbMgPpt1bPEeMZjYDTXxQ==",
			"requires": {
				"aws-sdk": "*",
				"commander": "^3.0.2",
				"js-yaml": "^3.13.1",
				"watchpack": "^2.0.0-beta.10"
			}
		},
		"aws-sdk": {
			"version": "2.956.0",
			"resolved": "https://registry.npmjs.org/aws-sdk/-/aws-sdk-2.956.0.tgz",
			"integrity": "sha512-vSzL66tjeRSBPnLR2Pkx4qS7SPqADT7K9QBjWdMhVd9BF5spyMvJ9hReIEShILp3hq99sHI+MvO+uTUm5s023g==",
			"requires": {
				"buffer": "4.9.2",
				"events": "1.1.1",
				"ieee754": "1.1.13",
				"jmespath": "0.15.0",
				"querystring": "0.2.0",
				"sax": "1.2.1",
				"url": "0.10.3",
				"uuid": "3.3.2",
				"xml2js": "0.4.19"
			}
		},
		"base64-js": {
			"version": "1.5.1",
			"resolved": "https://registry.npmjs.org/base64-js/-/base64-js-1.5.1.tgz",
			"integrity": "sha512-AKpaYlHn8t4SVbOHCy+b5+KKgvR4vrsD8vbvrbiQJps7fKDTkjkDry6ji0rUJjC0kzbNePLwzxq8iypo41qeWA=="
		},
		"buffer": {
			"version": "4.9.2",
			"resolved": "https://registry.npmjs.org/buffer/-/buffer-4.9.2.tgz",
			"integrity": "sha512-xq+q3SRMOxGivLhBNaUdC64hDTQwejJ+H0T/NB1XMtTVEwNTrfFF3gAxiyW0Bu/xWEGhjVKgUcMhCrUy2+uCWg==",
			"requires": {
				"base64-js": "^1.0.2",
				"ieee754": "^1.1.4",
				"isarray": "^1.0.0"
			}
		},
		"buffer-from": {
			"version": "1.1.2",
			"resolved": "https://registry.npmjs.org/buffer-from/-/buffer-from-1.1.2.tgz",
			"integrity": "sha512-E+XQCRwSbaaiChtv6k6Dwgc+bx+Bs6vuKJHHl5kox/BaKbhiXzqQOwK4cO22yElGp2OCmjwVhT3HmxgyPGnJfQ==",
			"dev": true
		},
		"commander": {
			"version": "3.0.2",
			"resolved": "https://registry.npmjs.org/commander/-/commander-3.0.2.tgz",
			"integrity": "sha512-Gar0ASD4BDyKC4hl4DwHqDrmvjoxWKZigVnAbn5H1owvm4CxCPdb0HQDehwNYMJpla5+M2tPmPARzhtYuwpHow=="
		},
		"create-require": {
			"version": "1.1.1",
			"resolved": "https://registry.npmjs.org/create-require/-/create-require-1.1.1.tgz",
			"integrity": "sha512-dcKFX3jn0MpIaXjisoRvexIJVEKzaq7z2rZKxf+MSr9TkdmHmsU4m2lcLojrj/FHl8mk5VxMmYA+ftRkP/3oKQ==",
			"dev": true
		},
		"diff": {
			"version": "4.0.2",
			"resolved": "https://registry.npmjs.org/diff/-/diff-4.0.2.tgz",
			"integrity": "sha512-58lmxKSA4BNyLz+HHMUzlOEpg09FV+ev6ZMe3vJihgdxzgcwZ8VoEEPmALCZG9LmqfVoNMMKpttIYTVG6uDY7A==",
			"dev": true
		},
		"esprima": {
			"version": "4.0.1",
			"resolved": "https://registry.npmjs.org/esprima/-/esprima-4.0.1.tgz",
			"integrity": "sha512-eGuFFw7Upda+g4p+QHvnW0RyTX/SVeJBDM/gCtMARO0cLuT2HcEKnTPvhjV6aGeqrCB/sbNop0Kszm0jsaWU4A=="
		},
		"events": {
			"version": "1.1.1",
			"resolved": "https://registry.npmjs.org/events/-/events-1.1.1.tgz",
			"integrity": "sha1-nr23Y1rQmccNzEwqH1AEKI6L2SQ="
		},
		"glob-to-regexp": {
			"version": "0.4.1",
			"resolved": "https://registry.npmjs.org/glob-to-regexp/-/glob-to-regexp-0.4.1.tgz",
			"integrity": "sha512-lkX1HJXwyMcprw/5YUZc2s7DrpAiHB21/V+E1rHUrVNokkvB6bqMzT0VfV6/86ZNabt1k14YOIaT7nDvOX3Iiw=="
		},
		"graceful-fs": {
			"version": "4.2.6",
			"resolved": "https://registry.npmjs.org/graceful-fs/-/graceful-fs-4.2.6.tgz",
			"integrity": "sha512-nTnJ528pbqxYanhpDYsi4Rd8MAeaBA67+RZ10CM1m3bTAVFEDcd5AuA4a6W5YkGZ1iNXHzZz8T6TBKLeBuNriQ=="
		},
		"ieee754": {
			"version": "1.1.13",
			"resolved": "https://registry.npmjs.org/ieee754/-/ieee754-1.1.13.tgz",
			"integrity": "sha512-4vf7I2LYV/HaWerSo3XmlMkp5eZ83i+/CDluXi/IGTs/O1sejBNhTtnxzmRZfvOUqj7lZjqHkeTvpgSFDlWZTg=="
		},
		"isarray": {
			"version": "1.0.0",
			"resolved": "https://registry.npmjs.org/isarray/-/isarray-1.0.0.tgz",
			"integrity": "sha1-u5NdSFgsuhaMBoNJV6VKPgcSTxE="
		},
		"jmespath": {
			"version": "0.15.0",
			"resolved": "https://registry.npmjs.org/jmespath/-/jmespath-0.15.0.tgz",
			"integrity": "sha1-o/Iiqarp+Wb10nx5ZRDigJF2Qhc="
		},
		"js-yaml": {
			"version": "3.14.1",
			"resolved": "https://registry.npmjs.org/js-yaml/-/js-yaml-3.14.1.tgz",
			"integrity": "sha512-okMH7OXXJ7YrN9Ok3/SXrnu4iX9yOk+25nqX4imS2npuvTYDmo/QEZoqwZkYaIDk3jVvBOTOIEgEhaLOynBS9g==",
			"requires": {
				"argparse": "^1.0.7",
				"esprima": "^4.0.0"
			}
		},
		"make-error": {
			"version": "1.3.6",
			"resolved": "https://registry.npmjs.org/make-error/-/make-error-1.3.6.tgz",
			"integrity": "sha512-s8UhlNe7vPKomQhC1qFelMokr/Sc3AgNbso3n74mVPA5LTZwkB9NlXf4XPamLxJE8h0gh73rM94xvwRT2CVInw==",
			"dev": true
		},
		"punycode": {
			"version": "1.3.2",
			"resolved": "https://registry.npmjs.org/punycode/-/punycode-1.3.2.tgz",
			"integrity": "sha1-llOgNvt8HuQjQvIyXM7v6jkmxI0="
		},
		"querystring": {
			"version": "0.2.0",
			"resolved": "https://registry.npmjs.org/querystring/-/querystring-0.2.0.tgz",
			"integrity": "sha1-sgmEkgO7Jd+CDadW50cAWHhSFiA="
		},
		"sax": {
			"version": "1.2.1",
			"resolved": "https://registry.npmjs.org/sax/-/sax-1.2.1.tgz",
			"integrity": "sha1-e45lYZCyKOgaZq6nSEgNgozS03o="
		},
		"source-map": {
			"version": "0.6.1",
			"resolved": "https://registry.npmjs.org/source-map/-/source-map-0.6.1.tgz",
			"integrity": "sha512-UjgapumWlbMhkBgzT7Ykc5YXUT46F0iKu8SGXq0bcwP5dz/h0Plj6enJqjz1Zbq2l5WaqYnrVbwWOWMyF3F47g==",
			"dev": true
		},
		"source-map-support": {
			"version": "0.5.19",
			"resolved": "https://registry.npmjs.org/source-map-support/-/source-map-support-0.5.19.tgz",
			"integrity": "sha512-Wonm7zOCIJzBGQdB+thsPar0kYuCIzYvxZwlBa87yi/Mdjv7Tip2cyVbLj5o0cFPN4EVkuTwb3GDDyUx2DGnGw==",
			"dev": true,
			"requires": {
				"buffer-from": "^1.0.0",
				"source-map": "^0.6.0"
			}
		},
		"sprintf-js": {
			"version": "1.0.3",
			"resolved": "https://registry.npmjs.org/sprintf-js/-/sprintf-js-1.0.3.tgz",
			"integrity": "sha1-BOaSb2YolTVPPdAVIDYzuFcpfiw="
		},
		"ts-node": {
			"version": "10.1.0",
			"resolved": "https://registry.npmjs.org/ts-node/-/ts-node-10.1.0.tgz",
			"integrity": "sha512-6szn3+J9WyG2hE+5W8e0ruZrzyk1uFLYye6IGMBadnOzDh8aP7t8CbFpsfCiEx2+wMixAhjFt7lOZC4+l+WbEA==",
			"dev": true,
			"requires": {
				"@tsconfig/node10": "^1.0.7",
				"@tsconfig/node12": "^1.0.7",
				"@tsconfig/node14": "^1.0.0",
				"@tsconfig/node16": "^1.0.1",
				"arg": "^4.1.0",
				"create-require": "^1.1.0",
				"diff": "^4.0.1",
				"make-error": "^1.1.1",
				"source-map-support": "^0.5.17",
				"yn": "3.1.1"
			}
		},
		"typescript": {
			"version": "4.3.5",
			"resolved": "https://registry.npmjs.org/typescript/-/typescript-4.3.5.tgz",
			"integrity": "sha512-DqQgihaQ9cUrskJo9kIyW/+g0Vxsk8cDtZ52a3NGh0YNTfpUSArXSohyUGnvbPazEPLu398C0UxmKSOrPumUzA==",
			"dev": true
		},
		"url": {
			"version": "0.10.3",
			"resolved": "https://registry.npmjs.org/url/-/url-0.10.3.tgz",
			"integrity": "sha1-Ah5NnHcF8hu/N9A861h2dAJ3TGQ=",
			"requires": {
				"punycode": "1.3.2",
				"querystring": "0.2.0"
			}
		},
		"uuid": {
			"version": "3.3.2",
			"resolved": "https://registry.npmjs.org/uuid/-/uuid-3.3.2.tgz",
			"integrity": "sha512-yXJmeNaw3DnnKAOKJE51sL/ZaYfWJRl1pK9dr19YFCu0ObS231AB1/LbqTKRAQ5kw8A90rA6fr4riOUpTZvQZA=="
		},
		"watchpack": {
			"version": "2.2.0",
			"resolved": "https://registry.npmjs.org/watchpack/-/watchpack-2.2.0.tgz",
			"integrity": "sha512-up4YAn/XHgZHIxFBVCdlMiWDj6WaLKpwVeGQk2I5thdYxF/KmF0aaz6TfJZ/hfl1h/XlcDr7k1KH7ThDagpFaA==",
			"requires": {
				"glob-to-regexp": "^0.4.1",
				"graceful-fs": "^4.1.2"
			}
		},
		"xml2js": {
			"version": "0.4.19",
			"resolved": "https://registry.npmjs.org/xml2js/-/xml2js-0.4.19.tgz",
			"integrity": "sha512-esZnJZJOiJR9wWKMyuvSE1y6Dq5LCuJanqhxslH2bxM6duahNZ+HMpCLhBQGZkbX6xRf8x1Y2eJlgt2q3qo49Q==",
			"requires": {
				"sax": ">=0.6.0",
				"xmlbuilder": "~9.0.1"
			}
		},
		"xmlbuilder": {
			"version": "9.0.7",
			"resolved": "https://registry.npmjs.org/xmlbuilder/-/xmlbuilder-9.0.7.tgz",
			"integrity": "sha1-Ey7mPS7FVlxVfiD0wi35rKaGsQ0="
		},
		"yn": {
			"version": "3.1.1",
			"resolved": "https://registry.npmjs.org/yn/-/yn-3.1.1.tgz",
			"integrity": "sha512-Ux4ygGWsu2c7isFWe8Yu1YluJmqVhxqK2cLXNQA5AcC3QfbGNpM7fu0Y8b/z16pXLnFxZYvWhd3fhBY9DLmC6Q==",
			"dev": true
		}
	}
}
